
Microsoft Visual Studio Solution File, Format Version 12.00
# Visual Studio Version 17
VisualStudioVersion = 17.0.31903.59
MinimumVisualStudioVersion = 10.0.40219.1
Project("{00D1A9C2-B5F0-4AF3-8072-F6C62B433612}") = "Smartiflix.Enrollment.Database", "Database\Smartiflix.Enrollment.Database\Smartiflix.Enrollment.Database.sqlproj", "{9527AE48-1CA2-4512-AA15-B85EC1D52C58}"
EndProject
Global
	GlobalSection(SolutionConfigurationPlatforms) = preSolution
		Debug|Any CPU = Debug|Any CPU
		Release|Any CPU = Release|Any CPU
	EndGlobalSection
	GlobalSection(ProjectConfigurationPlatforms) = postSolution
		{9527AE48-1CA2-4512-AA15-B85EC1D52C58}.Debug|Any CPU.ActiveCfg = Debug|Any CPU
		{9527AE48-1CA2-4512-AA15-B85EC1D52C58}.Debug|Any CPU.Build.0 = Debug|Any CPU
		{9527AE48-1CA2-4512-AA15-B85EC1D52C58}.Debug|Any CPU.Deploy.0 = Debug|Any CPU
		{9527AE48-1CA2-4512-AA15-B85EC1D52C58}.Release|Any CPU.ActiveCfg = Release|Any CPU
		{9527AE48-1CA2-4512-AA15-B85EC1D52C58}.Release|Any CPU.Build.0 = Release|Any CPU
		{9527AE48-1CA2-4512-AA15-B85EC1D52C58}.Release|Any CPU.Deploy.0 = Release|Any CPU
	EndGlobalSection
	GlobalSection(SolutionProperties) = preSolution
		HideSolutionNode = FALSE
	EndGlobalSection
	GlobalSection(ExtensibilityGlobals) = postSolution
		SolutionGuid = {074D2A34-ACC1-4234-B2C2-845F500D998C}
	EndGlobalSection
EndGlobal
