
Microsoft Visual Studio Solution File, Format Version 12.00
# Visual Studio Version 17
VisualStudioVersion = 17.0.31903.59
MinimumVisualStudioVersion = 10.0.40219.1
Project("{2150E333-8FDC-42A3-9474-1A3956D46DE8}") = "0 - Tests", "0 - Tests", "{95A75B5D-F722-4413-AA65-64952A0692AD}"
EndProject
Project("{2150E333-8FDC-42A3-9474-1A3956D46DE8}") = "1 - API", "1 - API", "{9CF9CB0F-9B07-4F90-9B30-7B9B2E736FDD}"
EndProject
Project("{9A19103F-16F7-4668-BE54-9A1E7A4F7556}") = "Smartflix.Enrollment.API", "API\Smartflix.Enrollment.API\Smartflix.Enrollment.API.csproj", "{9988DF17-9C08-4B79-A566-7172F5C9CF23}"
EndProject
Project("{2150E333-8FDC-42A3-9474-1A3956D46DE8}") = "3 - Client", "3 - Client", "{E73243E7-D7BD-4E2D-A6A0-AF8160F656C6}"
EndProject
Project("{2150E333-8FDC-42A3-9474-1A3956D46DE8}") = "Infra", "Infra", "{FAAAE307-5D88-4FE8-875E-624E53EE8875}"
EndProject
Project("{9A19103F-16F7-4668-BE54-9A1E7A4F7556}") = "Smartflix.Enrollment.Infra", "API\Smartflix.Enrollment.Infra\Smartflix.Enrollment.Infra.csproj", "{4D2C4503-EF9B-4290-8FE0-3B4E7C994132}"
EndProject
Project("{9A19103F-16F7-4668-BE54-9A1E7A4F7556}") = "Smartflix.Enrollment.Client", "API\Smartflix.Enrollment.Client\Smartflix.Enrollment.Client.csproj", "{4B8F203A-A938-4788-9B9C-DBE3572E7162}"
EndProject
Project("{2150E333-8FDC-42A3-9474-1A3956D46DE8}") = "2 - Modules", "2 - Modules", "{7322A644-370D-45D2-A7C0-A8D634259440}"
EndProject
Project("{2150E333-8FDC-42A3-9474-1A3956D46DE8}") = "Domain", "Domain", "{E5D1E317-7DCA-4B44-9A73-6A95D6F08164}"
EndProject
Project("{2150E333-8FDC-42A3-9474-1A3956D46DE8}") = "Application", "Application", "{E5379BE8-F08C-4DB0-97FF-132F8D96F868}"
EndProject
Project("{2150E333-8FDC-42A3-9474-1A3956D46DE8}") = "Enroll", "Enroll", "{E8A1EC4C-82F0-44DB-B54C-570286465916}"
EndProject
Project("{2150E333-8FDC-42A3-9474-1A3956D46DE8}") = "Common", "Common", "{56F79F97-F4A4-4245-8D31-4395ED0B0B7F}"
EndProject
Project("{9A19103F-16F7-4668-BE54-9A1E7A4F7556}") = "Smartflix.Enrollment.Domain", "Smartflix.Enrollment.Domain\Smartflix.Enrollment.Domain.csproj", "{3C2AA4D3-3A2A-4CF9-91BA-3F8E345B0579}"
EndProject
Project("{FAE04EC0-301F-11D3-BF4B-00C04F79EFBC}") = "Smartflix.Enrollment.Application", "Smartflix.Enrollment.Application\Smartflix.Enrollment.Application.csproj", "{95AED293-7151-43A2-A352-0068E1BB632D}"
EndProject
Global
	GlobalSection(SolutionConfigurationPlatforms) = preSolution
		Debug|Any CPU = Debug|Any CPU
		Release|Any CPU = Release|Any CPU
	EndGlobalSection
	GlobalSection(ProjectConfigurationPlatforms) = postSolution
		{9988DF17-9C08-4B79-A566-7172F5C9CF23}.Debug|Any CPU.ActiveCfg = Debug|Any CPU
		{9988DF17-9C08-4B79-A566-7172F5C9CF23}.Debug|Any CPU.Build.0 = Debug|Any CPU
		{9988DF17-9C08-4B79-A566-7172F5C9CF23}.Release|Any CPU.ActiveCfg = Release|Any CPU
		{9988DF17-9C08-4B79-A566-7172F5C9CF23}.Release|Any CPU.Build.0 = Release|Any CPU
		{4D2C4503-EF9B-4290-8FE0-3B4E7C994132}.Debug|Any CPU.ActiveCfg = Debug|Any CPU
		{4D2C4503-EF9B-4290-8FE0-3B4E7C994132}.Debug|Any CPU.Build.0 = Debug|Any CPU
		{4D2C4503-EF9B-4290-8FE0-3B4E7C994132}.Release|Any CPU.ActiveCfg = Release|Any CPU
		{4D2C4503-EF9B-4290-8FE0-3B4E7C994132}.Release|Any CPU.Build.0 = Release|Any CPU
		{4B8F203A-A938-4788-9B9C-DBE3572E7162}.Debug|Any CPU.ActiveCfg = Debug|Any CPU
		{4B8F203A-A938-4788-9B9C-DBE3572E7162}.Debug|Any CPU.Build.0 = Debug|Any CPU
		{4B8F203A-A938-4788-9B9C-DBE3572E7162}.Release|Any CPU.ActiveCfg = Release|Any CPU
		{4B8F203A-A938-4788-9B9C-DBE3572E7162}.Release|Any CPU.Build.0 = Release|Any CPU
		{3C2AA4D3-3A2A-4CF9-91BA-3F8E345B0579}.Debug|Any CPU.ActiveCfg = Debug|Any CPU
		{3C2AA4D3-3A2A-4CF9-91BA-3F8E345B0579}.Debug|Any CPU.Build.0 = Debug|Any CPU
		{3C2AA4D3-3A2A-4CF9-91BA-3F8E345B0579}.Release|Any CPU.ActiveCfg = Release|Any CPU
		{3C2AA4D3-3A2A-4CF9-91BA-3F8E345B0579}.Release|Any CPU.Build.0 = Release|Any CPU
		{95AED293-7151-43A2-A352-0068E1BB632D}.Debug|Any CPU.ActiveCfg = Debug|Any CPU
		{95AED293-7151-43A2-A352-0068E1BB632D}.Debug|Any CPU.Build.0 = Debug|Any CPU
		{95AED293-7151-43A2-A352-0068E1BB632D}.Release|Any CPU.ActiveCfg = Release|Any CPU
		{95AED293-7151-43A2-A352-0068E1BB632D}.Release|Any CPU.Build.0 = Release|Any CPU
	EndGlobalSection
	GlobalSection(SolutionProperties) = preSolution
		HideSolutionNode = FALSE
	EndGlobalSection
	GlobalSection(NestedProjects) = preSolution
		{9988DF17-9C08-4B79-A566-7172F5C9CF23} = {9CF9CB0F-9B07-4F90-9B30-7B9B2E736FDD}
		{FAAAE307-5D88-4FE8-875E-624E53EE8875} = {E8A1EC4C-82F0-44DB-B54C-570286465916}
		{4D2C4503-EF9B-4290-8FE0-3B4E7C994132} = {FAAAE307-5D88-4FE8-875E-624E53EE8875}
		{4B8F203A-A938-4788-9B9C-DBE3572E7162} = {E73243E7-D7BD-4E2D-A6A0-AF8160F656C6}
		{E5D1E317-7DCA-4B44-9A73-6A95D6F08164} = {E8A1EC4C-82F0-44DB-B54C-570286465916}
		{E5379BE8-F08C-4DB0-97FF-132F8D96F868} = {E8A1EC4C-82F0-44DB-B54C-570286465916}
		{E8A1EC4C-82F0-44DB-B54C-570286465916} = {7322A644-370D-45D2-A7C0-A8D634259440}
		{56F79F97-F4A4-4245-8D31-4395ED0B0B7F} = {7322A644-370D-45D2-A7C0-A8D634259440}
		{3C2AA4D3-3A2A-4CF9-91BA-3F8E345B0579} = {E5D1E317-7DCA-4B44-9A73-6A95D6F08164}
		{95AED293-7151-43A2-A352-0068E1BB632D} = {E5379BE8-F08C-4DB0-97FF-132F8D96F868}
	EndGlobalSection
	GlobalSection(ExtensibilityGlobals) = postSolution
		SolutionGuid = {07F89B83-9720-47D5-AC1C-69720322CF86}
	EndGlobalSection
EndGlobal
